
Microsoft Visual Studio Solution File, Format Version 12.00
# Visual Studio Express 2013 for Windows Desktop
VisualStudioVersion = 12.0.21005.1
MinimumVisualStudioVersion = 10.0.40219.1
Project("{FAE04EC0-301F-11D3-BF4B-00C04F79EFBC}") = "GalacticGPS", "GalacticGPS\GalacticGPS.csproj", "{3E86F045-2761-4FCD-873E-85F163BEEE7A}"
EndProject
Project("{FAE04EC0-301F-11D3-BF4B-00C04F79EFBC}") = "FractionCalculator", "FractionCalculator\FractionCalculator.csproj", "{2B052A84-D6FD-408F-A846-86AB3644BE92}"
EndProject
Project("{FAE04EC0-301F-11D3-BF4B-00C04F79EFBC}") = "Generics", "Generics\Generics.csproj", "{CBFBB265-AB80-47B5-984C-B37E4D18A149}"
EndProject
Global
	GlobalSection(SolutionConfigurationPlatforms) = preSolution
		Debug|Any CPU = Debug|Any CPU
		Release|Any CPU = Release|Any CPU
	EndGlobalSection
	GlobalSection(ProjectConfigurationPlatforms) = postSolution
		{3E86F045-2761-4FCD-873E-85F163BEEE7A}.Debug|Any CPU.ActiveCfg = Debug|Any CPU
		{3E86F045-2761-4FCD-873E-85F163BEEE7A}.Debug|Any CPU.Build.0 = Debug|Any CPU
		{3E86F045-2761-4FCD-873E-85F163BEEE7A}.Release|Any CPU.ActiveCfg = Release|Any CPU
		{3E86F045-2761-4FCD-873E-85F163BEEE7A}.Release|Any CPU.Build.0 = Release|Any CPU
		{2B052A84-D6FD-408F-A846-86AB3644BE92}.Debug|Any CPU.ActiveCfg = Debug|Any CPU
		{2B052A84-D6FD-408F-A846-86AB3644BE92}.Debug|Any CPU.Build.0 = Debug|Any CPU
		{2B052A84-D6FD-408F-A846-86AB3644BE92}.Release|Any CPU.ActiveCfg = Release|Any CPU
		{2B052A84-D6FD-408F-A846-86AB3644BE92}.Release|Any CPU.Build.0 = Release|Any CPU
		{CBFBB265-AB80-47B5-984C-B37E4D18A149}.Debug|Any CPU.ActiveCfg = Debug|Any CPU
		{CBFBB265-AB80-47B5-984C-B37E4D18A149}.Debug|Any CPU.Build.0 = Debug|Any CPU
		{CBFBB265-AB80-47B5-984C-B37E4D18A149}.Release|Any CPU.ActiveCfg = Release|Any CPU
		{CBFBB265-AB80-47B5-984C-B37E4D18A149}.Release|Any CPU.Build.0 = Release|Any CPU
	EndGlobalSection
	GlobalSection(SolutionProperties) = preSolution
		HideSolutionNode = FALSE
	EndGlobalSection
EndGlobal
